
Microsoft Visual Studio Solution File, Format Version 12.00
# Visual Studio Version 17
VisualStudioVersion = 17.5.002.0
MinimumVisualStudioVersion = 10.0.40219.1
Project("{9A19103F-16F7-4668-BE54-9A1E7A4F7556}") = "separar_arquivo_pdf", "separar_arquivo_pdf.csproj", "{99EA75E8-33F5-47CD-B40B-A6C948CD3FEC}"
EndProject
Global
	GlobalSection(SolutionConfigurationPlatforms) = preSolution
		Debug|Any CPU = Debug|Any CPU
		Release|Any CPU = Release|Any CPU
	EndGlobalSection
	GlobalSection(ProjectConfigurationPlatforms) = postSolution
		{99EA75E8-33F5-47CD-B40B-A6C948CD3FEC}.Debug|Any CPU.ActiveCfg = Debug|Any CPU
		{99EA75E8-33F5-47CD-B40B-A6C948CD3FEC}.Debug|Any CPU.Build.0 = Debug|Any CPU
		{99EA75E8-33F5-47CD-B40B-A6C948CD3FEC}.Release|Any CPU.ActiveCfg = Release|Any CPU
		{99EA75E8-33F5-47CD-B40B-A6C948CD3FEC}.Release|Any CPU.Build.0 = Release|Any CPU
	EndGlobalSection
	GlobalSection(SolutionProperties) = preSolution
		HideSolutionNode = FALSE
	EndGlobalSection
	GlobalSection(ExtensibilityGlobals) = postSolution
		SolutionGuid = {08B31B05-1F07-4F33-A051-3E620891ED26}
	EndGlobalSection
EndGlobal
